// !$*UTF8*$!
{
 archiveVersion = 1;
 classes = {};
 objectVersion = 77;
 objects = {
  P1 = {isa = PBXProject; attributes = {BuildIndependentTargetsInParallel = 1; LastSwiftUpdateCheck = 2600; LastUpgradeCheck = 2600; TargetAttributes = { T2 = {CreatedOnToolsVersion = 26.0;}; T3 = {CreatedOnToolsVersion = 26.0;}; };}; buildConfigurationList = P2; compatibilityVersion = "Xcode 16.0"; developmentRegion = en; hasScannedForEncodings = 0; knownRegions = (en, Base); mainGroup = P3; productRefGroup = P4; projectDirPath = ""; projectRoot = ""; targets = (T1, T2, T3);};
  P3 = {isa = PBXGroup; children = (G1, G2, G3, P4); sourceTree = "<group>";};
  P4 = {isa = PBXGroup; children = (R1, R2, R3); name = Products; sourceTree = "<group>";};
  G1 = {isa = PBXFileSystemSynchronizedRootGroup; path = BLEInsightPhone; sourceTree = "<group>";};
  G2 = {isa = PBXFileSystemSynchronizedRootGroup; path = BLEInsightWatchApp; sourceTree = "<group>";};
  G3 = {isa = PBXFileSystemSynchronizedRootGroup; path = BLEInsightWatchExtension; sourceTree = "<group>";};
  R1 = {isa = PBXFileReference; explicitFileType = wrapper.application; includeInIndex = 0; path = BLEInsightPhone.app; sourceTree = BUILT_PRODUCTS_DIR;};
  R2 = {isa = PBXFileReference; explicitFileType = wrapper.application; includeInIndex = 0; path = BLEInsightWatch.app; sourceTree = BUILT_PRODUCTS_DIR;};
  R3 = {isa = PBXFileReference; explicitFileType = "wrapper.app-extension"; includeInIndex = 0; path = BLEInsightWatchExtension.appex; sourceTree = BUILT_PRODUCTS_DIR;};
  BF1 = {isa = PBXBuildFile; fileRef = R3; settings = {ATTRIBUTES = (RemoveHeadersOnCopy, );};};
  BF2 = {isa = PBXBuildFile; fileRef = R2; settings = {ATTRIBUTES = (RemoveHeadersOnCopy, );};};
  T1 = {isa = PBXNativeTarget; buildConfigurationList = C1; buildPhases = (S1, F1, B1, E1); buildRules = (); dependencies = (TD1); fileSystemSynchronizedGroups = (G1); name = BLEInsightPhone; packageProductDependencies = (); productName = BLEInsightPhone; productReference = R1; productType = "com.apple.product-type.application";};
  T2 = {isa = PBXNativeTarget; buildConfigurationList = C2; buildPhases = (S2, F2, B2, E2); buildRules = (); dependencies = (TD2); fileSystemSynchronizedGroups = (G2); name = BLEInsightWatch; packageProductDependencies = (); productName = BLEInsightWatch; productReference = R2; productType = "com.apple.product-type.application.watchapp2";};
  T3 = {isa = PBXNativeTarget; buildConfigurationList = C3; buildPhases = (S3, F3, B3); buildRules = (); dependencies = (); fileSystemSynchronizedGroups = (G3); name = BLEInsightWatchExtension; packageProductDependencies = (); productName = BLEInsightWatchExtension; productReference = R3; productType = "com.apple.product-type.watchkit2-extension";};
  S1 = {isa = PBXSourcesBuildPhase; buildActionMask = 2147483647; files = (); runOnlyForDeploymentPostprocessing = 0;};
  F1 = {isa = PBXFrameworksBuildPhase; buildActionMask = 2147483647; files = (); runOnlyForDeploymentPostprocessing = 0;};
  B1 = {isa = PBXResourcesBuildPhase; buildActionMask = 2147483647; files = (); runOnlyForDeploymentPostprocessing = 0;};
  S2 = {isa = PBXSourcesBuildPhase; buildActionMask = 2147483647; files = (); runOnlyForDeploymentPostprocessing = 0;};
  F2 = {isa = PBXFrameworksBuildPhase; buildActionMask = 2147483647; files = (); runOnlyForDeploymentPostprocessing = 0;};
  B2 = {isa = PBXResourcesBuildPhase; buildActionMask = 2147483647; files = (); runOnlyForDeploymentPostprocessing = 0;};
  E1 = {isa = PBXCopyFilesBuildPhase; buildActionMask = 2147483647; dstPath = "$(CONTENTS_FOLDER_PATH)/Watch"; dstSubfolderSpec = 16; files = (BF2); name = "Embed Watch Content"; runOnlyForDeploymentPostprocessing = 0;};
  E2 = {isa = PBXCopyFilesBuildPhase; buildActionMask = 2147483647; dstPath = ""; dstSubfolderSpec = 13; files = (BF1); name = "Embed Watch Extensions"; runOnlyForDeploymentPostprocessing = 0;};
  S3 = {isa = PBXSourcesBuildPhase; buildActionMask = 2147483647; files = (); runOnlyForDeploymentPostprocessing = 0;};
  F3 = {isa = PBXFrameworksBuildPhase; buildActionMask = 2147483647; files = (); runOnlyForDeploymentPostprocessing = 0;};
  B3 = {isa = PBXResourcesBuildPhase; buildActionMask = 2147483647; files = (); runOnlyForDeploymentPostprocessing = 0;};
  CP1 = {isa = PBXContainerItemProxy; containerPortal = P1; proxyType = 1; remoteGlobalIDString = T2; remoteInfo = BLEInsightWatch;};
  TD1 = {isa = PBXTargetDependency; target = T2; targetProxy = CP1;};
  CP2 = {isa = PBXContainerItemProxy; containerPortal = P1; proxyType = 1; remoteGlobalIDString = T3; remoteInfo = BLEInsightWatchExtension;};
  TD2 = {isa = PBXTargetDependency; target = T3; targetProxy = CP2;};
  P2 = {isa = XCConfigurationList; buildConfigurations = (PD, PR); defaultConfigurationIsVisible = 0; defaultConfigurationName = Release;};
  C1 = {isa = XCConfigurationList; buildConfigurations = (D1, RR1); defaultConfigurationIsVisible = 0; defaultConfigurationName = Release;};
  C2 = {isa = XCConfigurationList; buildConfigurations = (D2, RR2); defaultConfigurationIsVisible = 0; defaultConfigurationName = Release;};
  C3 = {isa = XCConfigurationList; buildConfigurations = (D3, RR3); defaultConfigurationIsVisible = 0; defaultConfigurationName = Release;};
  PD = {isa = XCBuildConfiguration; buildSettings = {CLANG_ENABLE_MODULES = YES; SWIFT_VERSION = 5.0;}; name = Debug;};
  PR = {isa = XCBuildConfiguration; buildSettings = {CLANG_ENABLE_MODULES = YES; SWIFT_VERSION = 5.0;}; name = Release;};
  D1 = {isa = XCBuildConfiguration; buildSettings = {ASSETCATALOG_COMPILER_APPICON_NAME = AppIcon; ASSETCATALOG_COMPILER_GLOBAL_ACCENT_COLOR_NAME = AccentColor; CODE_SIGN_STYLE = Automatic; CURRENT_PROJECT_VERSION = 4; GENERATE_INFOPLIST_FILE = YES; INFOPLIST_KEY_CFBundleDisplayName = "BLE Insight"; INFOPLIST_KEY_NSBluetoothAlwaysUsageDescription = "BLE Insight uses Bluetooth to discover and inspect nearby Bluetooth Low Energy devices."; INFOPLIST_KEY_NSBluetoothPeripheralUsageDescription = "BLE Insight uses Bluetooth to discover nearby devices."; INFOPLIST_KEY_UILaunchScreen_Generation = YES; IPHONEOS_DEPLOYMENT_TARGET = 18.0; MARKETING_VERSION = 1.4; PRODUCT_BUNDLE_IDENTIFIER = com.haroldopaulino.BLEInsight; PRODUCT_NAME = "$(TARGET_NAME)"; SDKROOT = iphoneos; SUPPORTED_PLATFORMS = "iphoneos iphonesimulator"; SUPPORTS_MACCATALYST = NO; SWIFT_EMIT_LOC_STRINGS = YES; SWIFT_VERSION = 5.0; TARGETED_DEVICE_FAMILY = "1,2";}; name = Debug;};
  RR1 = {isa = XCBuildConfiguration; buildSettings = {ASSETCATALOG_COMPILER_APPICON_NAME = AppIcon; ASSETCATALOG_COMPILER_GLOBAL_ACCENT_COLOR_NAME = AccentColor; CODE_SIGN_STYLE = Automatic; CURRENT_PROJECT_VERSION = 4; GENERATE_INFOPLIST_FILE = YES; INFOPLIST_KEY_CFBundleDisplayName = "BLE Insight"; INFOPLIST_KEY_NSBluetoothAlwaysUsageDescription = "BLE Insight uses Bluetooth to discover and inspect nearby Bluetooth Low Energy devices."; INFOPLIST_KEY_NSBluetoothPeripheralUsageDescription = "BLE Insight uses Bluetooth to discover nearby devices."; INFOPLIST_KEY_UILaunchScreen_Generation = YES; IPHONEOS_DEPLOYMENT_TARGET = 18.0; MARKETING_VERSION = 1.4; PRODUCT_BUNDLE_IDENTIFIER = com.haroldopaulino.BLEInsight; PRODUCT_NAME = "$(TARGET_NAME)"; SDKROOT = iphoneos; SUPPORTED_PLATFORMS = "iphoneos iphonesimulator"; SUPPORTS_MACCATALYST = NO; SWIFT_EMIT_LOC_STRINGS = YES; SWIFT_VERSION = 5.0; TARGETED_DEVICE_FAMILY = "1,2";}; name = Release;};
  D2 = {isa = XCBuildConfiguration; buildSettings = {ASSETCATALOG_COMPILER_APPICON_NAME = AppIcon; ASSETCATALOG_COMPILER_GLOBAL_ACCENT_COLOR_NAME = AccentColor; CODE_SIGN_STYLE = Automatic; CURRENT_PROJECT_VERSION = 4; GENERATE_INFOPLIST_FILE = YES; INFOPLIST_KEY_CFBundleDisplayName = "BLE Insight"; INFOPLIST_KEY_WKCompanionAppBundleIdentifier = com.haroldopaulino.BLEInsight; INFOPLIST_KEY_WKWatchKitApp = YES; MARKETING_VERSION = 1.4; PRODUCT_BUNDLE_IDENTIFIER = com.haroldopaulino.BLEInsight.watchkitapp; PRODUCT_NAME = "$(TARGET_NAME)"; SDKROOT = watchos; SKIP_INSTALL = NO; SUPPORTED_PLATFORMS = "watchos watchsimulator"; TARGETED_DEVICE_FAMILY = 4; WATCHOS_DEPLOYMENT_TARGET = 11.0;}; name = Debug;};
  RR2 = {isa = XCBuildConfiguration; buildSettings = {ASSETCATALOG_COMPILER_APPICON_NAME = AppIcon; ASSETCATALOG_COMPILER_GLOBAL_ACCENT_COLOR_NAME = AccentColor; CODE_SIGN_STYLE = Automatic; CURRENT_PROJECT_VERSION = 4; GENERATE_INFOPLIST_FILE = YES; INFOPLIST_KEY_CFBundleDisplayName = "BLE Insight"; INFOPLIST_KEY_WKCompanionAppBundleIdentifier = com.haroldopaulino.BLEInsight; INFOPLIST_KEY_WKWatchKitApp = YES; MARKETING_VERSION = 1.4; PRODUCT_BUNDLE_IDENTIFIER = com.haroldopaulino.BLEInsight.watchkitapp; PRODUCT_NAME = "$(TARGET_NAME)"; SDKROOT = watchos; SKIP_INSTALL = NO; SUPPORTED_PLATFORMS = "watchos watchsimulator"; TARGETED_DEVICE_FAMILY = 4; WATCHOS_DEPLOYMENT_TARGET = 11.0;}; name = Release;};
  D3 = {isa = XCBuildConfiguration; buildSettings = {APPLICATION_EXTENSION_API_ONLY = YES; CODE_SIGN_STYLE = Automatic; CURRENT_PROJECT_VERSION = 4; GENERATE_INFOPLIST_FILE = NO; INFOPLIST_FILE = Config/BLEInsightWatchExtension-Info.plist; MARKETING_VERSION = 1.4; PRODUCT_BUNDLE_IDENTIFIER = com.haroldopaulino.BLEInsight.watchkitapp.watchkitextension; PRODUCT_NAME = "$(TARGET_NAME)"; SDKROOT = watchos; SKIP_INSTALL = YES; SUPPORTED_PLATFORMS = "watchos watchsimulator"; SWIFT_EMIT_LOC_STRINGS = YES; SWIFT_VERSION = 5.0; TARGETED_DEVICE_FAMILY = 4; WATCHOS_DEPLOYMENT_TARGET = 11.0;}; name = Debug;};
  RR3 = {isa = XCBuildConfiguration; buildSettings = {APPLICATION_EXTENSION_API_ONLY = YES; CODE_SIGN_STYLE = Automatic; CURRENT_PROJECT_VERSION = 4; GENERATE_INFOPLIST_FILE = NO; INFOPLIST_FILE = Config/BLEInsightWatchExtension-Info.plist; MARKETING_VERSION = 1.4; PRODUCT_BUNDLE_IDENTIFIER = com.haroldopaulino.BLEInsight.watchkitapp.watchkitextension; PRODUCT_NAME = "$(TARGET_NAME)"; SDKROOT = watchos; SKIP_INSTALL = YES; SUPPORTED_PLATFORMS = "watchos watchsimulator"; SWIFT_EMIT_LOC_STRINGS = YES; SWIFT_VERSION = 5.0; TARGETED_DEVICE_FAMILY = 4; WATCHOS_DEPLOYMENT_TARGET = 11.0;}; name = Release;};
 };
 rootObject = P1;
}
